# This file was autogenerated by Stack.
# You should not edit this file by hand.
# For more information, please see the documentation at:
#   https://docs.haskellstack.org/en/stable/lock_files

packages:
- completed:
    hackage: llvm-pretty-0.12.0.0@sha256:60f318f0c7c04b2fa851363684f41793898b7406029086439afc70df8988b3b4,2449
    pantry-tree:
      sha256: ac53eff2ffbe4f7620f987f08920651b65c13a5e200a20c3b3d29b859e89c685
      size: 1472
  original:
    hackage: llvm-pretty-0.12.0.0@sha256:60f318f0c7c04b2fa851363684f41793898b7406029086439afc70df8988b3b4,2449
- completed:
    hackage: monadLib-3.10.1@sha256:f965920379fee5e69dba089ac41bfc885598db2659fccfd3fd484a0c2b90282a,644
    pantry-tree:
      sha256: f3716b4a0e1959a3ae06139e5744412f4b0777e4b93f2c111ed6d08eb1029a7b
      size: 426
  original:
    hackage: monadLib-3.10.1@sha256:f965920379fee5e69dba089ac41bfc885598db2659fccfd3fd484a0c2b90282a,644
- completed:
    hackage: rock-0.3.1.2@sha256:9df391b2d9e8ef9fb992c86f49b5d77c40a9990ddedfd1b96d89f8967417b14d,3815
    pantry-tree:
      sha256: dbd531fa18103274a2d1c6ef91487e2c1a61e9effea974c6d9342a7157168a1f
      size: 536
  original:
    hackage: rock-0.3.1.2@sha256:9df391b2d9e8ef9fb992c86f49b5d77c40a9990ddedfd1b96d89f8967417b14d,3815
- completed:
    hackage: dependent-hashmap-0.1.0.1@sha256:6d1c20bd79f32d8daebd3cc741f884cc3d093118e3b876eb957defd4c594a966,1892
    pantry-tree:
      sha256: 817b36b81735d96696c5b165357c431e0b396dcf45afb8b4384fbfd4f4499cbb
      size: 334
  original:
    hackage: dependent-hashmap-0.1.0.1@sha256:6d1c20bd79f32d8daebd3cc741f884cc3d093118e3b876eb957defd4c594a966,1892
- completed:
    hackage: todo-0.2.0.3@sha256:87db5ccfc8294a44190398ad760c277cb7a3d666f7be34b407f879eba14eb803,752
    pantry-tree:
      sha256: 39a5b9251293f7564c884482764c6bbcfa56c0ee11c076beafcb979d79805911
      size: 253
  original:
    hackage: todo-0.2.0.3@sha256:87db5ccfc8294a44190398ad760c277cb7a3d666f7be34b407f879eba14eb803,752
- completed:
    hackage: nanopass-0.0.3.0@sha256:99109fd9cb662fe419f4b97a27cd07737dfe5b8197866201b079723832598466,2007
    pantry-tree:
      sha256: c6e3fff9fd97fb0e3937d2a5c509b47b747aae38243a61b15c2b18ba1de02be5
      size: 1024
  original:
    hackage: nanopass-0.0.3.0@sha256:99109fd9cb662fe419f4b97a27cd07737dfe5b8197866201b079723832598466,2007
- completed:
    hackage: megaparsec-9.2.2@sha256:c306a135ec25d91d252032c6128f03598a00e87ea12fcf5fc4878fdffc75c768,3219
    pantry-tree:
      sha256: db9715d6910e64d3bbfce69895042a66fcdcd64a54805563834bf0821562b74f
      size: 1518
  original:
    hackage: megaparsec-9.2.2@sha256:c306a135ec25d91d252032c6128f03598a00e87ea12fcf5fc4878fdffc75c768,3219
- completed:
    hackage: sexpr-parser-0.2.2.0@sha256:0715b189165ff30f4827b5b6a3c9e775b00c43e9e406ba2fe70600c913479288,1675
    pantry-tree:
      sha256: 951e2ebb3e9f754fbb506a9a4b0eebc47c93cfca6406fc5692725b748bdaeeb1
      size: 624
  original:
    hackage: sexpr-parser-0.2.2.0@sha256:0715b189165ff30f4827b5b6a3c9e775b00c43e9e406ba2fe70600c913479288,1675
snapshots:
- completed:
    sha256: 9bebedd3de0195aa01fd55de7f6d4446667440297a7315e69cd72c2610af265f
    size: 713338
    url: https://raw.githubusercontent.com/commercialhaskell/stackage-snapshots/master/lts/22/18.yaml
  original: lts-22.18
